// !$*UTF8*$!
{
	archiveVersion = 1;
	classes = {
	};
	objectVersion = 46;
	objects = {

/* Begin PBXBuildFile section */
		749127DA1B57A1DE0088F456 /* main.m in Sources */ = {isa = PBXBuildFile; fileRef = 749127D91B57A1DE0088F456 /* main.m */; };
		749127DD1B57A1DE0088F456 /* AppDelegate.m in Sources */ = {isa = PBXBuildFile; fileRef = 749127DC1B57A1DE0088F456 /* AppDelegate.m */; };
		749127E01B57A1DE0088F456 /* ViewController.m in Sources */ = {isa = PBXBuildFile; fileRef = 749127DF1B57A1DE0088F456 /* ViewController.m */; };
		749127E31B57A1DE0088F456 /* Main.storyboard in Resources */ = {isa = PBXBuildFile; fileRef = 749127E11B57A1DE0088F456 /* Main.storyboard */; };
		749127E51B57A1DE0088F456 /* Images.xcassets in Resources */ = {isa = PBXBuildFile; fileRef = 749127E41B57A1DE0088F456 /* Images.xcassets */; };
		749127E81B57A1DE0088F456 /* LaunchScreen.xib in Resources */ = {isa = PBXBuildFile; fileRef = 749127E61B57A1DE0088F456 /* LaunchScreen.xib */; };
		749127F41B57A1DE0088F456 /* iOS_2D_RecordPathTests.m in Sources */ = {isa = PBXBuildFile; fileRef = 749127F31B57A1DE0088F456 /* iOS_2D_RecordPathTests.m */; };
/* End PBXBuildFile section */

/* Begin PBXContainerItemProxy section */
		749127EE1B57A1DE0088F456 /* PBXContainerItemProxy */ = {
			isa = PBXContainerItemProxy;
			containerPortal = 749127CC1B57A1DE0088F456 /* Project object */;
			proxyType = 1;
			remoteGlobalIDString = 749127D31B57A1DE0088F456;
			remoteInfo = iOS_2D_RecordPath;
		};
/* End PBXContainerItemProxy section */

/* Begin PBXFileReference section */
		749127D41B57A1DE0088F456 /* iOS_2D_RecordPath.app */ = {isa = PBXFileReference; explicitFileType = wrapper.application; includeInIndex = 0; path = iOS_2D_RecordPath.app; sourceTree = BUILT_PRODUCTS_DIR; };
		749127D81B57A1DE0088F456 /* Info.plist */ = {isa = PBXFileReference; lastKnownFileType = text.plist.xml; path = Info.plist; sourceTree = "<group>"; };
		749127D91B57A1DE0088F456 /* main.m */ = {isa = PBXFileReference; lastKnownFileType = sourcecode.c.objc; path = main.m; sourceTree = "<group>"; };
		749127DB1B57A1DE0088F456 /* AppDelegate.h */ = {isa = PBXFileReference; lastKnownFileType = sourcecode.c.h; path = AppDelegate.h; sourceTree = "<group>"; };
		749127DC1B57A1DE0088F456 /* AppDelegate.m */ = {isa = PBXFileReference; lastKnownFileType = sourcecode.c.objc; path = AppDelegate.m; sourceTree = "<group>"; };
		749127DE1B57A1DE0088F456 /* ViewController.h */ = {isa = PBXFileReference; lastKnownFileType = sourcecode.c.h; path = ViewController.h; sourceTree = "<group>"; };
		749127DF1B57A1DE0088F456 /* ViewController.m */ = {isa = PBXFileReference; lastKnownFileType = sourcecode.c.objc; path = ViewController.m; sourceTree = "<group>"; };
		749127E21B57A1DE0088F456 /* Base */ = {isa = PBXFileReference; lastKnownFileType = file.storyboard; name = Base; path = Base.lproj/Main.storyboard; sourceTree = "<group>"; };
		749127E41B57A1DE0088F456 /* Images.xcassets */ = {isa = PBXFileReference; lastKnownFileType = folder.assetcatalog; path = Images.xcassets; sourceTree = "<group>"; };
		749127E71B57A1DE0088F456 /* Base */ = {isa = PBXFileReference; lastKnownFileType = file.xib; name = Base; path = Base.lproj/LaunchScreen.xib; sourceTree = "<group>"; };
		749127ED1B57A1DE0088F456 /* iOS_2D_RecordPathTests.xctest */ = {isa = PBXFileReference; explicitFileType = wrapper.cfbundle; includeInIndex = 0; path = iOS_2D_RecordPathTests.xctest; sourceTree = BUILT_PRODUCTS_DIR; };
		749127F21B57A1DE0088F456 /* Info.plist */ = {isa = PBXFileReference; lastKnownFileType = text.plist.xml; path = Info.plist; sourceTree = "<group>"; };
		749127F31B57A1DE0088F456 /* iOS_2D_RecordPathTests.m */ = {isa = PBXFileReference; lastKnownFileType = sourcecode.c.objc; path = iOS_2D_RecordPathTests.m; sourceTree = "<group>"; };
/* End PBXFileReference section */

/* Begin PBXFrameworksBuildPhase section */
		749127D11B57A1DE0088F456 /* Frameworks */ = {
			isa = PBXFrameworksBuildPhase;
			buildActionMask = 2147483647;
			files = (
			);
			runOnlyForDeploymentPostprocessing = 0;
		};
		749127EA1B57A1DE0088F456 /* Frameworks */ = {
			isa = PBXFrameworksBuildPhase;
			buildActionMask = 2147483647;
			files = (
			);
			runOnlyForDeploymentPostprocessing = 0;
		};
/* End PBXFrameworksBuildPhase section */

/* Begin PBXGroup section */
		749127CB1B57A1DE0088F456 = {
			isa = PBXGroup;
			children = (
				749127D61B57A1DE0088F456 /* iOS_2D_RecordPath */,
				749127F01B57A1DE0088F456 /* iOS_2D_RecordPathTests */,
				749127D51B57A1DE0088F456 /* Products */,
			);
			sourceTree = "<group>";
		};
		749127D51B57A1DE0088F456 /* Products */ = {
			isa = PBXGroup;
			children = (
				749127D41B57A1DE0088F456 /* iOS_2D_RecordPath.app */,
				749127ED1B57A1DE0088F456 /* iOS_2D_RecordPathTests.xctest */,
			);
			name = Products;
			sourceTree = "<group>";
		};
		749127D61B57A1DE0088F456 /* iOS_2D_RecordPath */ = {
			isa = PBXGroup;
			children = (
				749127DB1B57A1DE0088F456 /* AppDelegate.h */,
				749127DC1B57A1DE0088F456 /* AppDelegate.m */,
				749127DE1B57A1DE0088F456 /* ViewController.h */,
				749127DF1B57A1DE0088F456 /* ViewController.m */,
				749127E11B57A1DE0088F456 /* Main.storyboard */,
				749127E41B57A1DE0088F456 /* Images.xcassets */,
				749127E61B57A1DE0088F456 /* LaunchScreen.xib */,
				749127D71B57A1DE0088F456 /* Supporting Files */,
			);
			path = iOS_2D_RecordPath;
			sourceTree = "<group>";
		};
		749127D71B57A1DE0088F456 /* Supporting Files */ = {
			isa = PBXGroup;
			children = (
				749127D81B57A1DE0088F456 /* Info.plist */,
				749127D91B57A1DE0088F456 /* main.m */,
			);
			name = "Supporting Files";
			sourceTree = "<group>";
		};
		749127F01B57A1DE0088F456 /* iOS_2D_RecordPathTests */ = {
			isa = PBXGroup;
			children = (
				749127F31B57A1DE0088F456 /* iOS_2D_RecordPathTests.m */,
				749127F11B57A1DE0088F456 /* Supporting Files */,
			);
			path = iOS_2D_RecordPathTests;
			sourceTree = "<group>";
		};
		749127F11B57A1DE0088F456 /* Supporting Files */ = {
			isa = PBXGroup;
			children = (
				749127F21B57A1DE0088F456 /* Info.plist */,
			);
			name = "Supporting Files";
			sourceTree = "<group>";
		};
/* End PBXGroup section */

/* Begin PBXNativeTarget section */
		749127D31B57A1DE0088F456 /* iOS_2D_RecordPath */ = {
			isa = PBXNativeTarget;
			buildConfigurationList = 749127F71B57A1DE0088F456 /* Build configuration list for PBXNativeTarget "iOS_2D_RecordPath" */;
			buildPhases = (
				749127D01B57A1DE0088F456 /* Sources */,
				749127D11B57A1DE0088F456 /* Frameworks */,
				749127D21B57A1DE0088F456 /* Resources */,
			);
			buildRules = (
			);
			dependencies = (
			);
			name = iOS_2D_RecordPath;
			productName = iOS_2D_RecordPath;
			productReference = 749127D41B57A1DE0088F456 /* iOS_2D_RecordPath.app */;
			productType = "com.apple.product-type.application";
		};
		749127EC1B57A1DE0088F456 /* iOS_2D_RecordPathTests */ = {
			isa = PBXNativeTarget;
			buildConfigurationList = 749127FA1B57A1DE0088F456 /* Build configuration list for PBXNativeTarget "iOS_2D_RecordPathTests" */;
			buildPhases = (
				749127E91B57A1DE0088F456 /* Sources */,
				749127EA1B57A1DE0088F456 /* Frameworks */,
				749127EB1B57A1DE0088F456 /* Resources */,
			);
			buildRules = (
			);
			dependencies = (
				749127EF1B57A1DE0088F456 /* PBXTargetDependency */,
			);
			name = iOS_2D_RecordPathTests;
			productName = iOS_2D_RecordPathTests;
			productReference = 749127ED1B57A1DE0088F456 /* iOS_2D_RecordPathTests.xctest */;
			productType = "com.apple.product-type.bundle.unit-test";
		};
/* End PBXNativeTarget section */

/* Begin PBXProject section */
		749127CC1B57A1DE0088F456 /* Project object */ = {
			isa = PBXProject;
			attributes = {
				LastUpgradeCheck = 0640;
				ORGANIZATIONNAME = FENGSHENG;
				TargetAttributes = {
					749127D31B57A1DE0088F456 = {
						CreatedOnToolsVersion = 6.4;
					};
					749127EC1B57A1DE0088F456 = {
						CreatedOnToolsVersion = 6.4;
						TestTargetID = 749127D31B57A1DE0088F456;
					};
				};
			};
			buildConfigurationList = 749127CF1B57A1DE0088F456 /* Build configuration list for PBXProject "iOS_2D_RecordPath" */;
			compatibilityVersion = "Xcode 3.2";
			developmentRegion = English;
			hasScannedForEncodings = 0;
			knownRegions = (
				en,
				Base,
			);
			mainGroup = 749127CB1B57A1DE0088F456;
			productRefGroup = 749127D51B57A1DE0088F456 /* Products */;
			projectDirPath = "";
			projectRoot = "";
			targets = (
				749127D31B57A1DE0088F456 /* iOS_2D_RecordPath */,
				749127EC1B57A1DE0088F456 /* iOS_2D_RecordPathTests */,
			);
		};
/* End PBXProject section */

/* Begin PBXResourcesBuildPhase section */
		749127D21B57A1DE0088F456 /* Resources */ = {
			isa = PBXResourcesBuildPhase;
			buildActionMask = 2147483647;
			files = (
				749127E31B57A1DE0088F456 /* Main.storyboard in Resources */,
				749127E81B57A1DE0088F456 /* LaunchScreen.xib in Resources */,
				749127E51B57A1DE0088F456 /* Images.xcassets in Resources */,
			);
			runOnlyForDeploymentPostprocessing = 0;
		};
		749127EB1B57A1DE0088F456 /* Resources */ = {
			isa = PBXResourcesBuildPhase;
			buildActionMask = 2147483647;
			files = (
			);
			runOnlyForDeploymentPostprocessing = 0;
		};
/* End PBXResourcesBuildPhase section */

/* Begin PBXSourcesBuildPhase section */
		749127D01B57A1DE0088F456 /* Sources */ = {
			isa = PBXSourcesBuildPhase;
			buildActionMask = 2147483647;
			files = (
				749127E01B57A1DE0088F456 /* ViewController.m in Sources */,
				749127DD1B57A1DE0088F456 /* AppDelegate.m in Sources */,
				749127DA1B57A1DE0088F456 /* main.m in Sources */,
			);
			runOnlyForDeploymentPostprocessing = 0;
		};
		749127E91B57A1DE0088F456 /* Sources */ = {
			isa = PBXSourcesBuildPhase;
			buildActionMask = 2147483647;
			files = (
				749127F41B57A1DE0088F456 /* iOS_2D_RecordPathTests.m in Sources */,
			);
			runOnlyForDeploymentPostprocessing = 0;
		};
/* End PBXSourcesBuildPhase section */

/* Begin PBXTargetDependency section */
		749127EF1B57A1DE0088F456 /* PBXTargetDependency */ = {
			isa = PBXTargetDependency;
			target = 749127D31B57A1DE0088F456 /* iOS_2D_RecordPath */;
			targetProxy = 749127EE1B57A1DE0088F456 /* PBXContainerItemProxy */;
		};
/* End PBXTargetDependency section */

/* Begin PBXVariantGroup section */
		749127E11B57A1DE0088F456 /* Main.storyboard */ = {
			isa = PBXVariantGroup;
			children = (
				749127E21B57A1DE0088F456 /* Base */,
			);
			name = Main.storyboard;
			sourceTree = "<group>";
		};
		749127E61B57A1DE0088F456 /* LaunchScreen.xib */ = {
			isa = PBXVariantGroup;
			children = (
				749127E71B57A1DE0088F456 /* Base */,
			);
			name = LaunchScreen.xib;
			sourceTree = "<group>";
		};
/* End PBXVariantGroup section */

/* Begin XCBuildConfiguration section */
		749127F51B57A1DE0088F456 /* Debug */ = {
			isa = XCBuildConfiguration;
			buildSettings = {
				ALWAYS_SEARCH_USER_PATHS = NO;
				CLANG_CXX_LANGUAGE_STANDARD = "gnu++0x";
				CLANG_CXX_LIBRARY = "libc++";
				CLANG_ENABLE_MODULES = YES;
				CLANG_ENABLE_OBJC_ARC = YES;
				CLANG_WARN_BOOL_CONVERSION = YES;
				CLANG_WARN_CONSTANT_CONVERSION = YES;
				CLANG_WARN_DIRECT_OBJC_ISA_USAGE = YES_ERROR;
				CLANG_WARN_EMPTY_BODY = YES;
				CLANG_WARN_ENUM_CONVERSION = YES;
				CLANG_WARN_INT_CONVERSION = YES;
				CLANG_WARN_OBJC_ROOT_CLASS = YES_ERROR;
				CLANG_WARN_UNREACHABLE_CODE = YES;
				CLANG_WARN__DUPLICATE_METHOD_MATCH = YES;
				"CODE_SIGN_IDENTITY[sdk=iphoneos*]" = "iPhone Developer";
				COPY_PHASE_STRIP = NO;
				DEBUG_INFORMATION_FORMAT = "dwarf-with-dsym";
				ENABLE_STRICT_OBJC_MSGSEND = YES;
				GCC_C_LANGUAGE_STANDARD = gnu99;
				GCC_DYNAMIC_NO_PIC = NO;
				GCC_NO_COMMON_BLOCKS = YES;
				GCC_OPTIMIZATION_LEVEL = 0;
				GCC_PREPROCESSOR_DEFINITIONS = (
					"DEBUG=1",
					"$(inherited)",
				);
				GCC_SYMBOLS_PRIVATE_EXTERN = NO;
				GCC_WARN_64_TO_32_BIT_CONVERSION = YES;
				GCC_WARN_ABOUT_RETURN_TYPE = YES_ERROR;
				GCC_WARN_UNDECLARED_SELECTOR = YES;
				GCC_WARN_UNINITIALIZED_AUTOS = YES_AGGRESSIVE;
				GCC_WARN_UNUSED_FUNCTION = YES;
				GCC_WARN_UNUSED_VARIABLE = YES;
				IPHONEOS_DEPLOYMENT_TARGET = 8.4;
				MTL_ENABLE_DEBUG_INFO = YES;
				ONLY_ACTIVE_ARCH = YES;
				SDKROOT = iphoneos;
			};
			name = Debug;
		};
		749127F61B57A1DE0088F456 /* Release */ = {
			isa = XCBuildConfiguration;
			buildSettings = {
				ALWAYS_SEARCH_USER_PATHS = NO;
				CLANG_CXX_LANGUAGE_STANDARD = "gnu++0x";
				CLANG_CXX_LIBRARY = "libc++";
				CLANG_ENABLE_MODULES = YES;
				CLANG_ENABLE_OBJC_ARC = YES;
				CLANG_WARN_BOOL_CONVERSION = YES;
				CLANG_WARN_CONSTANT_CONVERSION = YES;
				CLANG_WARN_DIRECT_OBJC_ISA_USAGE = YES_ERROR;
				CLANG_WARN_EMPTY_BODY = YES;
				CLANG_WARN_ENUM_CONVERSION = YES;
				CLANG_WARN_INT_CONVERSION = YES;
				CLANG_WARN_OBJC_ROOT_CLASS = YES_ERROR;
				CLANG_WARN_UNREACHABLE_CODE = YES;
				CLANG_WARN__DUPLICATE_METHOD_MATCH = YES;
				"CODE_SIGN_IDENTITY[sdk=iphoneos*]" = "iPhone Developer";
				COPY_PHASE_STRIP = NO;
				DEBUG_INFORMATION_FORMAT = "dwarf-with-dsym";
				ENABLE_NS_ASSERTIONS = NO;
				ENABLE_STRICT_OBJC_MSGSEND = YES;
				GCC_C_LANGUAGE_STANDARD = gnu99;
				GCC_NO_COMMON_BLOCKS = YES;
				GCC_WARN_64_TO_32_BIT_CONVERSION = YES;
				GCC_WARN_ABOUT_RETURN_TYPE = YES_ERROR;
				GCC_WARN_UNDECLARED_SELECTOR = YES;
				GCC_WARN_UNINITIALIZED_AUTOS = YES_AGGRESSIVE;
				GCC_WARN_UNUSED_FUNCTION = YES;
				GCC_WARN_UNUSED_VARIABLE = YES;
				IPHONEOS_DEPLOYMENT_TARGET = 8.4;
				MTL_ENABLE_DEBUG_INFO = NO;
				SDKROOT = iphoneos;
				VALIDATE_PRODUCT = YES;
			};
			name = Release;
		};
		749127F81B57A1DE0088F456 /* Debug */ = {
			isa = XCBuildConfiguration;
			buildSettings = {
				ASSETCATALOG_COMPILER_APPICON_NAME = AppIcon;
				INFOPLIST_FILE = iOS_2D_RecordPath/Info.plist;
				LD_RUNPATH_SEARCH_PATHS = "$(inherited) @executable_path/Frameworks";
				PRODUCT_NAME = "$(TARGET_NAME)";
			};
			name = Debug;
		};
		749127F91B57A1DE0088F456 /* Release */ = {
			isa = XCBuildConfiguration;
			buildSettings = {
				ASSETCATALOG_COMPILER_APPICON_NAME = AppIcon;
				INFOPLIST_FILE = iOS_2D_RecordPath/Info.plist;
				LD_RUNPATH_SEARCH_PATHS = "$(inherited) @executable_path/Frameworks";
				PRODUCT_NAME = "$(TARGET_NAME)";
			};
			name = Release;
		};
		749127FB1B57A1DE0088F456 /* Debug */ = {
			isa = XCBuildConfiguration;
			buildSettings = {
				BUNDLE_LOADER = "$(TEST_HOST)";
				FRAMEWORK_SEARCH_PATHS = (
					"$(SDKROOT)/Developer/Library/Frameworks",
					"$(inherited)",
				);
				GCC_PREPROCESSOR_DEFINITIONS = (
					"DEBUG=1",
					"$(inherited)",
				);
				INFOPLIST_FILE = iOS_2D_RecordPathTests/Info.plist;
				LD_RUNPATH_SEARCH_PATHS = "$(inherited) @executable_path/Frameworks @loader_path/Frameworks";
				PRODUCT_NAME = "$(TARGET_NAME)";
				TEST_HOST = "$(BUILT_PRODUCTS_DIR)/iOS_2D_RecordPath.app/iOS_2D_RecordPath";
			};
			name = Debug;
		};
		749127FC1B57A1DE0088F456 /* Release */ = {
			isa = XCBuildConfiguration;
			buildSettings = {
				BUNDLE_LOADER = "$(TEST_HOST)";
				FRAMEWORK_SEARCH_PATHS = (
					"$(SDKROOT)/Developer/Library/Frameworks",
					"$(inherited)",
				);
				INFOPLIST_FILE = iOS_2D_RecordPathTests/Info.plist;
				LD_RUNPATH_SEARCH_PATHS = "$(inherited) @executable_path/Frameworks @loader_path/Frameworks";
				PRODUCT_NAME = "$(TARGET_NAME)";
				TEST_HOST = "$(BUILT_PRODUCTS_DIR)/iOS_2D_RecordPath.app/iOS_2D_RecordPath";
			};
			name = Release;
		};
/* End XCBuildConfiguration section */

/* Begin XCConfigurationList section */
		749127CF1B57A1DE0088F456 /* Build configuration list for PBXProject "iOS_2D_RecordPath" */ = {
			isa = XCConfigurationList;
			buildConfigurations = (
				749127F51B57A1DE0088F456 /* Debug */,
				749127F61B57A1DE0088F456 /* Release */,
			);
			defaultConfigurationIsVisible = 0;
			defaultConfigurationName = Release;
		};
		749127F71B57A1DE0088F456 /* Build configuration list for PBXNativeTarget "iOS_2D_RecordPath" */ = {
			isa = XCConfigurationList;
			buildConfigurations = (
				749127F81B57A1DE0088F456 /* Debug */,
				749127F91B57A1DE0088F456 /* Release */,
			);
			defaultConfigurationIsVisible = 0;
		};
		749127FA1B57A1DE0088F456 /* Build configuration list for PBXNativeTarget "iOS_2D_RecordPathTests" */ = {
			isa = XCConfigurationList;
			buildConfigurations = (
				749127FB1B57A1DE0088F456 /* Debug */,
				749127FC1B57A1DE0088F456 /* Release */,
			);
			defaultConfigurationIsVisible = 0;
		};
/* End XCConfigurationList section */
	};
	rootObject = 749127CC1B57A1DE0088F456 /* Project object */;
}
